
Microsoft Visual Studio Solution File, Format Version 12.00
# Visual Studio Version 17
VisualStudioVersion = 17.2.32602.215
MinimumVisualStudioVersion = 10.0.40219.1
Project("{FAE04EC0-301F-11D3-BF4B-00C04F79EFBC}") = "CRMDashborad", "CRMDashborad\CRMDashborad.csproj", "{735445C9-ADBE-4B69-9712-3950F556CBA8}"
EndProject
Global
	GlobalSection(SolutionConfigurationPlatforms) = preSolution
		Debug|Any CPU = Debug|Any CPU
		Release|Any CPU = Release|Any CPU
	EndGlobalSection
	GlobalSection(ProjectConfigurationPlatforms) = postSolution
		{735445C9-ADBE-4B69-9712-3950F556CBA8}.Debug|Any CPU.ActiveCfg = Debug|Any CPU
		{735445C9-ADBE-4B69-9712-3950F556CBA8}.Debug|Any CPU.Build.0 = Debug|Any CPU
		{735445C9-ADBE-4B69-9712-3950F556CBA8}.Release|Any CPU.ActiveCfg = Debug|Any CPU
		{735445C9-ADBE-4B69-9712-3950F556CBA8}.Release|Any CPU.Build.0 = Debug|Any CPU
	EndGlobalSection
	GlobalSection(SolutionProperties) = preSolution
		HideSolutionNode = FALSE
	EndGlobalSection
	GlobalSection(ExtensibilityGlobals) = postSolution
		SolutionGuid = {20AA5165-A790-4DBC-BB7E-23D2E0EC261D}
	EndGlobalSection
EndGlobal
